{
  "name": "@caudex-workout/persistence-indexeddb",
  "version": "0.2.0-dev",
  "lockfileVersion": 3,
  "requires": true,
  "packages": {
    "": {
      "name": "@caudex-workout/persistence-indexeddb",
      "version": "0.2.0-dev",
      "license": "MIT",
      "devDependencies": {
        "@caudex-workout/engine": "file:../npm/workout-engine",
        "@caudex-workout/persistence": "file:../persistence",
        "fake-indexeddb": "6.2.5",
        "typescript": "5.9.2"
      },
      "peerDependencies": {
        "@caudex-workout/engine": ">=0.1.0 <1",
        "@caudex-workout/persistence": ">=0.2.0-dev <1"
      }
    },
    "../npm/workout-engine": {
      "name": "@caudex-workout/engine",
      "version": "0.1.0",
      "dev": true,
      "license": "MIT",
      "devDependencies": {
        "@rollup/plugin-node-resolve": "16.0.3",
        "rollup": "4.62.2",
        "typescript": "5.9.2"
      },
      "engines": {
        "node": ">=22"
      }
    },
    "../persistence": {
      "name": "@caudex-workout/persistence",
      "version": "0.2.0-dev",
      "dev": true,
      "license": "MIT",
      "engines": {
        "node": ">=22"
      },
      "peerDependencies": {
        "@caudex-workout/engine": ">=0.1.0 <1"
      }
    },
    "node_modules/@caudex-workout/engine": {
      "resolved": "../npm/workout-engine",
      "link": true
    },
    "node_modules/@caudex-workout/persistence": {
      "resolved": "../persistence",
      "link": true
    },
    "node_modules/fake-indexeddb": {
      "version": "6.2.5",
      "resolved": "https://registry.npmjs.org/fake-indexeddb/-/fake-indexeddb-6.2.5.tgz",
      "integrity": "sha512-CGnyrvbhPlWYMngksqrSSUT1BAVP49dZocrHuK0SvtR0D5TMs5wP0o3j7jexDJW01KSadjBp1M/71o/KR3nD1w==",
      "dev": true,
      "license": "Apache-2.0",
      "engines": {
        "node": ">=18"
      }
    },
    "node_modules/typescript": {
      "version": "5.9.2",
      "resolved": "https://registry.npmjs.org/typescript/-/typescript-5.9.2.tgz",
      "integrity": "sha512-CWBzXQrc/qOkhidw1OzBTQuYRbfyxDXJMVJ1XNwUHGROVmuaeiEm3OslpZ1RV96d7SKKjZKrSJu3+t/xlw3R9A==",
      "dev": true,
      "license": "Apache-2.0",
      "bin": {
        "tsc": "bin/tsc",
        "tsserver": "bin/tsserver"
      },
      "engines": {
        "node": ">=14.17"
      }
    }
  }
}
